
Microsoft Visual Studio Solution File, Format Version 12.00
# Visual Studio Version 17
VisualStudioVersion = 17.4.33403.182
MinimumVisualStudioVersion = 10.0.40219.1
Project("{9A19103F-16F7-4668-BE54-9A1E7A4F7556}") = "Codehouse.Automation.MainSite", "src\Codehouse.Automation.MainSite\Codehouse.Automation.MainSite.csproj", "{61566D60-FB9B-4C38-8ADE-CA17AB0EB6C1}"
EndProject
Project("{2150E333-8FDC-42A3-9474-1A3956D46DE8}") = "Solution Items", "Solution Items", "{2ED185DD-1D23-4E7C-97C7-AB038E343594}"
	ProjectSection(SolutionItems) = preProject
		lib\rulesets\Codehouse.ruleset = lib\rulesets\Codehouse.ruleset
	EndProjectSection
EndProject
Project("{FAE04EC0-301F-11D3-BF4B-00C04F79EFBC}") = "Codehouse.Automation.Common", "src\Codehouse.Automation.Common\Codehouse.Automation.Common.csproj", "{52762942-A027-4991-898A-CA27D0722757}"
EndProject
Global
	GlobalSection(SolutionConfigurationPlatforms) = preSolution
		Debug|Any CPU = Debug|Any CPU
		Release|Any CPU = Release|Any CPU
	EndGlobalSection
	GlobalSection(ProjectConfigurationPlatforms) = postSolution
		{61566D60-FB9B-4C38-8ADE-CA17AB0EB6C1}.Debug|Any CPU.ActiveCfg = Debug|Any CPU
		{61566D60-FB9B-4C38-8ADE-CA17AB0EB6C1}.Debug|Any CPU.Build.0 = Debug|Any CPU
		{61566D60-FB9B-4C38-8ADE-CA17AB0EB6C1}.Release|Any CPU.ActiveCfg = Release|Any CPU
		{61566D60-FB9B-4C38-8ADE-CA17AB0EB6C1}.Release|Any CPU.Build.0 = Release|Any CPU
		{52762942-A027-4991-898A-CA27D0722757}.Debug|Any CPU.ActiveCfg = Debug|Any CPU
		{52762942-A027-4991-898A-CA27D0722757}.Debug|Any CPU.Build.0 = Debug|Any CPU
		{52762942-A027-4991-898A-CA27D0722757}.Release|Any CPU.ActiveCfg = Release|Any CPU
		{52762942-A027-4991-898A-CA27D0722757}.Release|Any CPU.Build.0 = Release|Any CPU
	EndGlobalSection
	GlobalSection(SolutionProperties) = preSolution
		HideSolutionNode = FALSE
	EndGlobalSection
	GlobalSection(ExtensibilityGlobals) = postSolution
		SolutionGuid = {511277FB-C0EE-4AE1-8E1F-A06655F7FE92}
	EndGlobalSection
EndGlobal
